
Microsoft Visual Studio Solution File, Format Version 12.00
# Visual Studio Version 17
VisualStudioVersion = 17.11.35222.181
MinimumVisualStudioVersion = 10.0.40219.1
Project("{FAE04EC0-301F-11D3-BF4B-00C04F79EFBC}") = "CBRParser", "CBRParser\CBRParser.csproj", "{00F3F661-3655-4F9C-B2E7-0BB9BCA841D1}"
EndProject
Global
	GlobalSection(SolutionConfigurationPlatforms) = preSolution
		Debug|Any CPU = Debug|Any CPU
		Release|Any CPU = Release|Any CPU
	EndGlobalSection
	GlobalSection(ProjectConfigurationPlatforms) = postSolution
		{00F3F661-3655-4F9C-B2E7-0BB9BCA841D1}.Debug|Any CPU.ActiveCfg = Debug|Any CPU
		{00F3F661-3655-4F9C-B2E7-0BB9BCA841D1}.Debug|Any CPU.Build.0 = Debug|Any CPU
		{00F3F661-3655-4F9C-B2E7-0BB9BCA841D1}.Release|Any CPU.ActiveCfg = Release|Any CPU
		{00F3F661-3655-4F9C-B2E7-0BB9BCA841D1}.Release|Any CPU.Build.0 = Release|Any CPU
	EndGlobalSection
	GlobalSection(SolutionProperties) = preSolution
		HideSolutionNode = FALSE
	EndGlobalSection
	GlobalSection(ExtensibilityGlobals) = postSolution
		SolutionGuid = {AB2304AC-5573-42B3-AEFD-8BC5A1B38609}
	EndGlobalSection
EndGlobal
